// !$*UTF8*$!
{
	archiveVersion = 1;
	classes = {
	};
	objectVersion = 48;
	objects = {

/* Begin PBXBuildFile section */
		9B872DF11FE0362700402E6E /* lightning.png in Resources */ = {isa = PBXBuildFile; fileRef = 9B872DF01FE0362700402E6E /* lightning.png */; };
		9B872DF41FE037C100402E6E /* ElminsterDieLight.png in Resources */ = {isa = PBXBuildFile; fileRef = 9B872DF31FE037C000402E6E /* ElminsterDieLight.png */; };
		9B872DF61FE03B6000402E6E /* lightElemental.png in Resources */ = {isa = PBXBuildFile; fileRef = 9B872DF51FE03B6000402E6E /* lightElemental.png */; };
		9B872DF81FE03BDE00402E6E /* lightElementalDead.png in Resources */ = {isa = PBXBuildFile; fileRef = 9B872DF71FE03BDE00402E6E /* lightElementalDead.png */; };
		9B8887171FD6DBF800D291DF /* AppDelegate.swift in Sources */ = {isa = PBXBuildFile; fileRef = 9B8887161FD6DBF800D291DF /* AppDelegate.swift */; };
		9B8887191FD6DBF800D291DF /* ViewController.swift in Sources */ = {isa = PBXBuildFile; fileRef = 9B8887181FD6DBF800D291DF /* ViewController.swift */; };
		9B88871C1FD6DBF800D291DF /* Main.storyboard in Resources */ = {isa = PBXBuildFile; fileRef = 9B88871A1FD6DBF800D291DF /* Main.storyboard */; };
		9B88871E1FD6DBF800D291DF /* Assets.xcassets in Resources */ = {isa = PBXBuildFile; fileRef = 9B88871D1FD6DBF800D291DF /* Assets.xcassets */; };
		9B8887211FD6DBF800D291DF /* LaunchScreen.storyboard in Resources */ = {isa = PBXBuildFile; fileRef = 9B88871F1FD6DBF800D291DF /* LaunchScreen.storyboard */; };
		9B8887291FD6DC1D00D291DF /* wheel.png in Resources */ = {isa = PBXBuildFile; fileRef = 9B8887281FD6DC1D00D291DF /* wheel.png */; };
		9B88872B1FD6E7A200D291DF /* fireball.png in Resources */ = {isa = PBXBuildFile; fileRef = 9B88872A1FD6E7A200D291DF /* fireball.png */; };
		9B88872D1FD6E9EB00D291DF /* kobolt.png in Resources */ = {isa = PBXBuildFile; fileRef = 9B88872C1FD6E9EB00D291DF /* kobolt.png */; };
		9B88872F1FD6F70A00D291DF /* elminster.png in Resources */ = {isa = PBXBuildFile; fileRef = 9B88872E1FD6F70A00D291DF /* elminster.png */; };
		9B8887311FD6F85500D291DF /* bg.png in Resources */ = {isa = PBXBuildFile; fileRef = 9B8887301FD6F85500D291DF /* bg.png */; };
		9B8887331FD6FCBD00D291DF /* KoboldDie.png in Resources */ = {isa = PBXBuildFile; fileRef = 9B8887321FD6FCBD00D291DF /* KoboldDie.png */; };
/* End PBXBuildFile section */

/* Begin PBXFileReference section */
		9B872DF01FE0362700402E6E /* lightning.png */ = {isa = PBXFileReference; lastKnownFileType = image.png; path = lightning.png; sourceTree = "<group>"; };
		9B872DF31FE037C000402E6E /* ElminsterDieLight.png */ = {isa = PBXFileReference; lastKnownFileType = image.png; name = ElminsterDieLight.png; path = cours_19/ElminsterDieLight.png; sourceTree = SOURCE_ROOT; };
		9B872DF51FE03B6000402E6E /* lightElemental.png */ = {isa = PBXFileReference; lastKnownFileType = image.png; path = lightElemental.png; sourceTree = "<group>"; };
		9B872DF71FE03BDE00402E6E /* lightElementalDead.png */ = {isa = PBXFileReference; lastKnownFileType = image.png; path = lightElementalDead.png; sourceTree = "<group>"; };
		9B8887131FD6DBF800D291DF /* cours_19.app */ = {isa = PBXFileReference; explicitFileType = wrapper.application; includeInIndex = 0; path = cours_19.app; sourceTree = BUILT_PRODUCTS_DIR; };
		9B8887161FD6DBF800D291DF /* AppDelegate.swift */ = {isa = PBXFileReference; lastKnownFileType = sourcecode.swift; path = AppDelegate.swift; sourceTree = "<group>"; };
		9B8887181FD6DBF800D291DF /* ViewController.swift */ = {isa = PBXFileReference; lastKnownFileType = sourcecode.swift; path = ViewController.swift; sourceTree = "<group>"; };
		9B88871B1FD6DBF800D291DF /* Base */ = {isa = PBXFileReference; lastKnownFileType = file.storyboard; name = Base; path = Base.lproj/Main.storyboard; sourceTree = "<group>"; };
		9B88871D1FD6DBF800D291DF /* Assets.xcassets */ = {isa = PBXFileReference; lastKnownFileType = folder.assetcatalog; path = Assets.xcassets; sourceTree = "<group>"; };
		9B8887201FD6DBF800D291DF /* Base */ = {isa = PBXFileReference; lastKnownFileType = file.storyboard; name = Base; path = Base.lproj/LaunchScreen.storyboard; sourceTree = "<group>"; };
		9B8887221FD6DBF800D291DF /* Info.plist */ = {isa = PBXFileReference; lastKnownFileType = text.plist.xml; path = Info.plist; sourceTree = "<group>"; };
		9B8887281FD6DC1D00D291DF /* wheel.png */ = {isa = PBXFileReference; lastKnownFileType = image.png; path = wheel.png; sourceTree = "<group>"; };
		9B88872A1FD6E7A200D291DF /* fireball.png */ = {isa = PBXFileReference; lastKnownFileType = image.png; path = fireball.png; sourceTree = "<group>"; };
		9B88872C1FD6E9EB00D291DF /* kobolt.png */ = {isa = PBXFileReference; lastKnownFileType = image.png; path = kobolt.png; sourceTree = "<group>"; };
		9B88872E1FD6F70A00D291DF /* elminster.png */ = {isa = PBXFileReference; lastKnownFileType = image.png; path = elminster.png; sourceTree = "<group>"; };
		9B8887301FD6F85500D291DF /* bg.png */ = {isa = PBXFileReference; lastKnownFileType = image.png; path = bg.png; sourceTree = "<group>"; };
		9B8887321FD6FCBD00D291DF /* KoboldDie.png */ = {isa = PBXFileReference; lastKnownFileType = image.png; path = KoboldDie.png; sourceTree = "<group>"; };
/* End PBXFileReference section */

/* Begin PBXFrameworksBuildPhase section */
		9B8887101FD6DBF800D291DF /* Frameworks */ = {
			isa = PBXFrameworksBuildPhase;
			buildActionMask = 2147483647;
			files = (
			);
			runOnlyForDeploymentPostprocessing = 0;
		};
/* End PBXFrameworksBuildPhase section */

/* Begin PBXGroup section */
		9B872DF21FE0379900402E6E /* Images */ = {
			isa = PBXGroup;
			children = (
				9B8887281FD6DC1D00D291DF /* wheel.png */,
				9B88872E1FD6F70A00D291DF /* elminster.png */,
				9B8887321FD6FCBD00D291DF /* KoboldDie.png */,
				9B872DF31FE037C000402E6E /* ElminsterDieLight.png */,
				9B872DF51FE03B6000402E6E /* lightElemental.png */,
				9B872DF01FE0362700402E6E /* lightning.png */,
				9B872DF71FE03BDE00402E6E /* lightElementalDead.png */,
				9B88872C1FD6E9EB00D291DF /* kobolt.png */,
				9B8887301FD6F85500D291DF /* bg.png */,
				9B88872A1FD6E7A200D291DF /* fireball.png */,
			);
			path = Images;
			sourceTree = "<group>";
		};
		9B88870A1FD6DBF800D291DF = {
			isa = PBXGroup;
			children = (
				9B8887151FD6DBF800D291DF /* cours_19 */,
				9B8887141FD6DBF800D291DF /* Products */,
			);
			sourceTree = "<group>";
		};
		9B8887141FD6DBF800D291DF /* Products */ = {
			isa = PBXGroup;
			children = (
				9B8887131FD6DBF800D291DF /* cours_19.app */,
			);
			name = Products;
			sourceTree = "<group>";
		};
		9B8887151FD6DBF800D291DF /* cours_19 */ = {
			isa = PBXGroup;
			children = (
				9B8887161FD6DBF800D291DF /* AppDelegate.swift */,
				9B8887181FD6DBF800D291DF /* ViewController.swift */,
				9B872DF21FE0379900402E6E /* Images */,
				9B88871A1FD6DBF800D291DF /* Main.storyboard */,
				9B88871D1FD6DBF800D291DF /* Assets.xcassets */,
				9B88871F1FD6DBF800D291DF /* LaunchScreen.storyboard */,
				9B8887221FD6DBF800D291DF /* Info.plist */,
			);
			path = cours_19;
			sourceTree = "<group>";
		};
/* End PBXGroup section */

/* Begin PBXNativeTarget section */
		9B8887121FD6DBF800D291DF /* cours_19 */ = {
			isa = PBXNativeTarget;
			buildConfigurationList = 9B8887251FD6DBF800D291DF /* Build configuration list for PBXNativeTarget "cours_19" */;
			buildPhases = (
				9B88870F1FD6DBF800D291DF /* Sources */,
				9B8887101FD6DBF800D291DF /* Frameworks */,
				9B8887111FD6DBF800D291DF /* Resources */,
			);
			buildRules = (
			);
			dependencies = (
			);
			name = cours_19;
			productName = cours_19;
			productReference = 9B8887131FD6DBF800D291DF /* cours_19.app */;
			productType = "com.apple.product-type.application";
		};
/* End PBXNativeTarget section */

/* Begin PBXProject section */
		9B88870B1FD6DBF800D291DF /* Project object */ = {
			isa = PBXProject;
			attributes = {
				LastSwiftUpdateCheck = 0910;
				LastUpgradeCheck = 0910;
				ORGANIZATIONNAME = eleves;
				TargetAttributes = {
					9B8887121FD6DBF800D291DF = {
						CreatedOnToolsVersion = 9.1;
						ProvisioningStyle = Automatic;
					};
				};
			};
			buildConfigurationList = 9B88870E1FD6DBF800D291DF /* Build configuration list for PBXProject "cours_19" */;
			compatibilityVersion = "Xcode 8.0";
			developmentRegion = en;
			hasScannedForEncodings = 0;
			knownRegions = (
				en,
				Base,
			);
			mainGroup = 9B88870A1FD6DBF800D291DF;
			productRefGroup = 9B8887141FD6DBF800D291DF /* Products */;
			projectDirPath = "";
			projectRoot = "";
			targets = (
				9B8887121FD6DBF800D291DF /* cours_19 */,
			);
		};
/* End PBXProject section */

/* Begin PBXResourcesBuildPhase section */
		9B8887111FD6DBF800D291DF /* Resources */ = {
			isa = PBXResourcesBuildPhase;
			buildActionMask = 2147483647;
			files = (
				9B8887331FD6FCBD00D291DF /* KoboldDie.png in Resources */,
				9B8887211FD6DBF800D291DF /* LaunchScreen.storyboard in Resources */,
				9B872DF81FE03BDE00402E6E /* lightElementalDead.png in Resources */,
				9B872DF11FE0362700402E6E /* lightning.png in Resources */,
				9B8887291FD6DC1D00D291DF /* wheel.png in Resources */,
				9B872DF61FE03B6000402E6E /* lightElemental.png in Resources */,
				9B8887311FD6F85500D291DF /* bg.png in Resources */,
				9B88872F1FD6F70A00D291DF /* elminster.png in Resources */,
				9B88872D1FD6E9EB00D291DF /* kobolt.png in Resources */,
				9B88872B1FD6E7A200D291DF /* fireball.png in Resources */,
				9B88871E1FD6DBF800D291DF /* Assets.xcassets in Resources */,
				9B872DF41FE037C100402E6E /* ElminsterDieLight.png in Resources */,
				9B88871C1FD6DBF800D291DF /* Main.storyboard in Resources */,
			);
			runOnlyForDeploymentPostprocessing = 0;
		};
/* End PBXResourcesBuildPhase section */

/* Begin PBXSourcesBuildPhase section */
		9B88870F1FD6DBF800D291DF /* Sources */ = {
			isa = PBXSourcesBuildPhase;
			buildActionMask = 2147483647;
			files = (
				9B8887191FD6DBF800D291DF /* ViewController.swift in Sources */,
				9B8887171FD6DBF800D291DF /* AppDelegate.swift in Sources */,
			);
			runOnlyForDeploymentPostprocessing = 0;
		};
/* End PBXSourcesBuildPhase section */

/* Begin PBXVariantGroup section */
		9B88871A1FD6DBF800D291DF /* Main.storyboard */ = {
			isa = PBXVariantGroup;
			children = (
				9B88871B1FD6DBF800D291DF /* Base */,
			);
			name = Main.storyboard;
			sourceTree = "<group>";
		};
		9B88871F1FD6DBF800D291DF /* LaunchScreen.storyboard */ = {
			isa = PBXVariantGroup;
			children = (
				9B8887201FD6DBF800D291DF /* Base */,
			);
			name = LaunchScreen.storyboard;
			sourceTree = "<group>";
		};
/* End PBXVariantGroup section */

/* Begin XCBuildConfiguration section */
		9B8887231FD6DBF800D291DF /* Debug */ = {
			isa = XCBuildConfiguration;
			buildSettings = {
				ALWAYS_SEARCH_USER_PATHS = NO;
				CLANG_ANALYZER_NONNULL = YES;
				CLANG_ANALYZER_NUMBER_OBJECT_CONVERSION = YES_AGGRESSIVE;
				CLANG_CXX_LANGUAGE_STANDARD = "gnu++14";
				CLANG_CXX_LIBRARY = "libc++";
				CLANG_ENABLE_MODULES = YES;
				CLANG_ENABLE_OBJC_ARC = YES;
				CLANG_WARN_BLOCK_CAPTURE_AUTORELEASING = YES;
				CLANG_WARN_BOOL_CONVERSION = YES;
				CLANG_WARN_COMMA = YES;
				CLANG_WARN_CONSTANT_CONVERSION = YES;
				CLANG_WARN_DIRECT_OBJC_ISA_USAGE = YES_ERROR;
				CLANG_WARN_DOCUMENTATION_COMMENTS = YES;
				CLANG_WARN_EMPTY_BODY = YES;
				CLANG_WARN_ENUM_CONVERSION = YES;
				CLANG_WARN_INFINITE_RECURSION = YES;
				CLANG_WARN_INT_CONVERSION = YES;
				CLANG_WARN_NON_LITERAL_NULL_CONVERSION = YES;
				CLANG_WARN_OBJC_LITERAL_CONVERSION = YES;
				CLANG_WARN_OBJC_ROOT_CLASS = YES_ERROR;
				CLANG_WARN_RANGE_LOOP_ANALYSIS = YES;
				CLANG_WARN_STRICT_PROTOTYPES = YES;
				CLANG_WARN_SUSPICIOUS_MOVE = YES;
				CLANG_WARN_UNGUARDED_AVAILABILITY = YES_AGGRESSIVE;
				CLANG_WARN_UNREACHABLE_CODE = YES;
				CLANG_WARN__DUPLICATE_METHOD_MATCH = YES;
				CODE_SIGN_IDENTITY = "iPhone Developer";
				COPY_PHASE_STRIP = NO;
				DEBUG_INFORMATION_FORMAT = dwarf;
				ENABLE_STRICT_OBJC_MSGSEND = YES;
				ENABLE_TESTABILITY = YES;
				GCC_C_LANGUAGE_STANDARD = gnu11;
				GCC_DYNAMIC_NO_PIC = NO;
				GCC_NO_COMMON_BLOCKS = YES;
				GCC_OPTIMIZATION_LEVEL = 0;
				GCC_PREPROCESSOR_DEFINITIONS = (
					"DEBUG=1",
					"$(inherited)",
				);
				GCC_WARN_64_TO_32_BIT_CONVERSION = YES;
				GCC_WARN_ABOUT_RETURN_TYPE = YES_ERROR;
				GCC_WARN_UNDECLARED_SELECTOR = YES;
				GCC_WARN_UNINITIALIZED_AUTOS = YES_AGGRESSIVE;
				GCC_WARN_UNUSED_FUNCTION = YES;
				GCC_WARN_UNUSED_VARIABLE = YES;
				IPHONEOS_DEPLOYMENT_TARGET = 11.1;
				MTL_ENABLE_DEBUG_INFO = YES;
				ONLY_ACTIVE_ARCH = YES;
				SDKROOT = iphoneos;
				SWIFT_ACTIVE_COMPILATION_CONDITIONS = DEBUG;
				SWIFT_OPTIMIZATION_LEVEL = "-Onone";
			};
			name = Debug;
		};
		9B8887241FD6DBF800D291DF /* Release */ = {
			isa = XCBuildConfiguration;
			buildSettings = {
				ALWAYS_SEARCH_USER_PATHS = NO;
				CLANG_ANALYZER_NONNULL = YES;
				CLANG_ANALYZER_NUMBER_OBJECT_CONVERSION = YES_AGGRESSIVE;
				CLANG_CXX_LANGUAGE_STANDARD = "gnu++14";
				CLANG_CXX_LIBRARY = "libc++";
				CLANG_ENABLE_MODULES = YES;
				CLANG_ENABLE_OBJC_ARC = YES;
				CLANG_WARN_BLOCK_CAPTURE_AUTORELEASING = YES;
				CLANG_WARN_BOOL_CONVERSION = YES;
				CLANG_WARN_COMMA = YES;
				CLANG_WARN_CONSTANT_CONVERSION = YES;
				CLANG_WARN_DIRECT_OBJC_ISA_USAGE = YES_ERROR;
				CLANG_WARN_DOCUMENTATION_COMMENTS = YES;
				CLANG_WARN_EMPTY_BODY = YES;
				CLANG_WARN_ENUM_CONVERSION = YES;
				CLANG_WARN_INFINITE_RECURSION = YES;
				CLANG_WARN_INT_CONVERSION = YES;
				CLANG_WARN_NON_LITERAL_NULL_CONVERSION = YES;
				CLANG_WARN_OBJC_LITERAL_CONVERSION = YES;
				CLANG_WARN_OBJC_ROOT_CLASS = YES_ERROR;
				CLANG_WARN_RANGE_LOOP_ANALYSIS = YES;
				CLANG_WARN_STRICT_PROTOTYPES = YES;
				CLANG_WARN_SUSPICIOUS_MOVE = YES;
				CLANG_WARN_UNGUARDED_AVAILABILITY = YES_AGGRESSIVE;
				CLANG_WARN_UNREACHABLE_CODE = YES;
				CLANG_WARN__DUPLICATE_METHOD_MATCH = YES;
				CODE_SIGN_IDENTITY = "iPhone Developer";
				COPY_PHASE_STRIP = NO;
				DEBUG_INFORMATION_FORMAT = "dwarf-with-dsym";
				ENABLE_NS_ASSERTIONS = NO;
				ENABLE_STRICT_OBJC_MSGSEND = YES;
				GCC_C_LANGUAGE_STANDARD = gnu11;
				GCC_NO_COMMON_BLOCKS = YES;
				GCC_WARN_64_TO_32_BIT_CONVERSION = YES;
				GCC_WARN_ABOUT_RETURN_TYPE = YES_ERROR;
				GCC_WARN_UNDECLARED_SELECTOR = YES;
				GCC_WARN_UNINITIALIZED_AUTOS = YES_AGGRESSIVE;
				GCC_WARN_UNUSED_FUNCTION = YES;
				GCC_WARN_UNUSED_VARIABLE = YES;
				IPHONEOS_DEPLOYMENT_TARGET = 11.1;
				MTL_ENABLE_DEBUG_INFO = NO;
				SDKROOT = iphoneos;
				SWIFT_OPTIMIZATION_LEVEL = "-Owholemodule";
				VALIDATE_PRODUCT = YES;
			};
			name = Release;
		};
		9B8887261FD6DBF800D291DF /* Debug */ = {
			isa = XCBuildConfiguration;
			buildSettings = {
				ASSETCATALOG_COMPILER_APPICON_NAME = AppIcon;
				CODE_SIGN_STYLE = Automatic;
				INFOPLIST_FILE = cours_19/Info.plist;
				LD_RUNPATH_SEARCH_PATHS = "$(inherited) @executable_path/Frameworks";
				PRODUCT_BUNDLE_IDENTIFIER = "com.Fernando.cours-19";
				PRODUCT_NAME = "$(TARGET_NAME)";
				SWIFT_VERSION = 4.0;
				TARGETED_DEVICE_FAMILY = "1,2";
			};
			name = Debug;
		};
		9B8887271FD6DBF800D291DF /* Release */ = {
			isa = XCBuildConfiguration;
			buildSettings = {
				ASSETCATALOG_COMPILER_APPICON_NAME = AppIcon;
				CODE_SIGN_STYLE = Automatic;
				INFOPLIST_FILE = cours_19/Info.plist;
				LD_RUNPATH_SEARCH_PATHS = "$(inherited) @executable_path/Frameworks";
				PRODUCT_BUNDLE_IDENTIFIER = "com.Fernando.cours-19";
				PRODUCT_NAME = "$(TARGET_NAME)";
				SWIFT_VERSION = 4.0;
				TARGETED_DEVICE_FAMILY = "1,2";
			};
			name = Release;
		};
/* End XCBuildConfiguration section */

/* Begin XCConfigurationList section */
		9B88870E1FD6DBF800D291DF /* Build configuration list for PBXProject "cours_19" */ = {
			isa = XCConfigurationList;
			buildConfigurations = (
				9B8887231FD6DBF800D291DF /* Debug */,
				9B8887241FD6DBF800D291DF /* Release */,
			);
			defaultConfigurationIsVisible = 0;
			defaultConfigurationName = Release;
		};
		9B8887251FD6DBF800D291DF /* Build configuration list for PBXNativeTarget "cours_19" */ = {
			isa = XCConfigurationList;
			buildConfigurations = (
				9B8887261FD6DBF800D291DF /* Debug */,
				9B8887271FD6DBF800D291DF /* Release */,
			);
			defaultConfigurationIsVisible = 0;
			defaultConfigurationName = Release;
		};
/* End XCConfigurationList section */
	};
	rootObject = 9B88870B1FD6DBF800D291DF /* Project object */;
}
